
Microsoft Visual Studio Solution File, Format Version 12.00
# Visual Studio Version 16
VisualStudioVersion = 16.0.31005.135
MinimumVisualStudioVersion = 10.0.40219.1
Project("{FAE04EC0-301F-11D3-BF4B-00C04F79EFBC}") = "My GWA.Android", "My GWA\My GWA.Android\My GWA.Android.csproj", "{AFBE689C-B2F4-4C15-8B52-69F77925D0B7}"
EndProject
Project("{FAE04EC0-301F-11D3-BF4B-00C04F79EFBC}") = "My GWA", "My GWA\My GWA\My GWA.csproj", "{E2F9403E-1475-4C07-90B9-C282627A22A9}"
EndProject
Global
	GlobalSection(SolutionConfigurationPlatforms) = preSolution
		Debug|Any CPU = Debug|Any CPU
		Release|Any CPU = Release|Any CPU
	EndGlobalSection
	GlobalSection(ProjectConfigurationPlatforms) = postSolution
		{AFBE689C-B2F4-4C15-8B52-69F77925D0B7}.Debug|Any CPU.ActiveCfg = Debug|Any CPU
		{AFBE689C-B2F4-4C15-8B52-69F77925D0B7}.Debug|Any CPU.Build.0 = Debug|Any CPU
		{AFBE689C-B2F4-4C15-8B52-69F77925D0B7}.Debug|Any CPU.Deploy.0 = Debug|Any CPU
		{AFBE689C-B2F4-4C15-8B52-69F77925D0B7}.Release|Any CPU.ActiveCfg = Release|Any CPU
		{AFBE689C-B2F4-4C15-8B52-69F77925D0B7}.Release|Any CPU.Build.0 = Release|Any CPU
		{AFBE689C-B2F4-4C15-8B52-69F77925D0B7}.Release|Any CPU.Deploy.0 = Release|Any CPU
		{E2F9403E-1475-4C07-90B9-C282627A22A9}.Debug|Any CPU.ActiveCfg = Debug|Any CPU
		{E2F9403E-1475-4C07-90B9-C282627A22A9}.Debug|Any CPU.Build.0 = Debug|Any CPU
		{E2F9403E-1475-4C07-90B9-C282627A22A9}.Debug|Any CPU.Deploy.0 = Debug|Any CPU
		{E2F9403E-1475-4C07-90B9-C282627A22A9}.Release|Any CPU.ActiveCfg = Release|Any CPU
		{E2F9403E-1475-4C07-90B9-C282627A22A9}.Release|Any CPU.Build.0 = Release|Any CPU
		{E2F9403E-1475-4C07-90B9-C282627A22A9}.Release|Any CPU.Deploy.0 = Release|Any CPU
	EndGlobalSection
	GlobalSection(SolutionProperties) = preSolution
		HideSolutionNode = FALSE
	EndGlobalSection
	GlobalSection(ExtensibilityGlobals) = postSolution
		SolutionGuid = {2B634675-542D-4739-ABC0-9394807435AC}
	EndGlobalSection
EndGlobal
